
Microsoft Visual Studio Solution File, Format Version 12.00
# Visual Studio Version 17
VisualStudioVersion = 17.4.33122.133
MinimumVisualStudioVersion = 10.0.40219.1
Project("{FAE04EC0-301F-11D3-BF4B-00C04F79EFBC}") = "polymorphism", "polymorphism.csproj", "{FFC0CE27-DD7F-4D83-9E3C-36CA35FE329F}"
EndProject
Global
	GlobalSection(SolutionConfigurationPlatforms) = preSolution
		Debug|Any CPU = Debug|Any CPU
		Release|Any CPU = Release|Any CPU
	EndGlobalSection
	GlobalSection(ProjectConfigurationPlatforms) = postSolution
		{FFC0CE27-DD7F-4D83-9E3C-36CA35FE329F}.Debug|Any CPU.ActiveCfg = Debug|Any CPU
		{FFC0CE27-DD7F-4D83-9E3C-36CA35FE329F}.Debug|Any CPU.Build.0 = Debug|Any CPU
		{FFC0CE27-DD7F-4D83-9E3C-36CA35FE329F}.Release|Any CPU.ActiveCfg = Release|Any CPU
		{FFC0CE27-DD7F-4D83-9E3C-36CA35FE329F}.Release|Any CPU.Build.0 = Release|Any CPU
	EndGlobalSection
	GlobalSection(SolutionProperties) = preSolution
		HideSolutionNode = FALSE
	EndGlobalSection
	GlobalSection(ExtensibilityGlobals) = postSolution
		SolutionGuid = {0E697547-C9FC-4DDC-AE69-B1931B6AA800}
	EndGlobalSection
EndGlobal
